{
  "name": "vue-deploy",
  "version": "1.0.0",
  "lockfileVersion": 1,
  "requires": true,
  "dependencies": {
    "ansi-styles": {
      "version": "3.2.1",
      "resolved": "http://registry.npm.taobao.org/ansi-styles/download/ansi-styles-3.2.1.tgz",
      "dependencies": {
        "color-convert": {
          "version": "http://registry.npm.taobao.org/color-convert/download/color-convert-1.9.1.tgz",
          "bundled": true
        }
      }
    },
    "archiver": {
      "version": "2.1.1",
      "resolved": "https://registry.npmjs.org/archiver/-/archiver-2.1.1.tgz",
      "integrity": "sha1-/2YrSnggFJSj7lRNOjP+dJZQnrw=",
      "requires": {
        "archiver-utils": "1.3.0",
        "async": "2.6.0",
        "buffer-crc32": "0.2.13",
        "glob": "7.1.2",
        "lodash": "4.17.5",
        "readable-stream": "2.3.5",
        "tar-stream": "1.5.5",
        "zip-stream": "1.2.0"
      },
      "dependencies": {
        "async": {
          "version": "2.6.0",
          "resolved": "https://registry.npmjs.org/async/-/async-2.6.0.tgz",
          "integrity": "sha512-xAfGg1/NTLBBKlHFmnd7PlmUW9KhVQIUuSrYem9xzFUZy13ScvtyGGejaae9iAVRiRq9+Cx7DPFaAAhCpyxyPw==",
          "requires": {
            "lodash": "4.17.5"
          }
        },
        "isarray": {
          "version": "1.0.0",
          "resolved": "https://registry.npmjs.org/isarray/-/isarray-1.0.0.tgz",
          "integrity": "sha1-u5NdSFgsuhaMBoNJV6VKPgcSTxE="
        },
        "lodash": {
          "version": "4.17.5",
          "resolved": "https://registry.npmjs.org/lodash/-/lodash-4.17.5.tgz",
          "integrity": "sha512-svL3uiZf1RwhH+cWrfZn3A4+U58wbP0tGVTLQPbjplZxZ8ROD9VLuNgsRniTlLe7OlSqR79RUehXgpBW/s0IQw=="
        },
        "readable-stream": {
          "version": "2.3.5",
          "resolved": "https://registry.npmjs.org/readable-stream/-/readable-stream-2.3.5.tgz",
          "integrity": "sha512-tK0yDhrkygt/knjowCUiWP9YdV7c5R+8cR0r/kt9ZhBU906Fs6RpQJCEilamRJj1Nx2rWI6LkW9gKqjTkshhEw==",
          "requires": {
            "core-util-is": "1.0.2",
            "inherits": "2.0.3",
            "isarray": "1.0.0",
            "process-nextick-args": "2.0.0",
            "safe-buffer": "5.1.1",
            "string_decoder": "1.0.3",
            "util-deprecate": "1.0.2"
          }
        },
        "string_decoder": {
          "version": "1.0.3",
          "resolved": "https://registry.npmjs.org/string_decoder/-/string_decoder-1.0.3.tgz",
          "integrity": "sha512-4AH6Z5fzNNBcH+6XDMfA/BTt87skxqJlO0lAh3Dker5zThcAxG6mKz+iGu308UKoPPQ8Dcqx/4JhujzltRa+hQ==",
          "requires": {
            "safe-buffer": "5.1.1"
          }
        }
      }
    },
    "archiver-utils": {
      "version": "1.3.0",
      "resolved": "http://registry.npm.taobao.org/archiver-utils/download/archiver-utils-1.3.0.tgz",
      "requires": {
        "glob": "7.1.2",
        "normalize-path": "2.1.1",
        "readable-stream": "2.3.6"
      },
      "dependencies": {
        "glob": {
          "version": "http://registry.npm.taobao.org/glob/download/glob-7.1.2.tgz",
          "bundled": true
        },
        "graceful-fs": {
          "version": "http://registry.npm.taobao.org/graceful-fs/download/graceful-fs-4.1.11.tgz",
          "bundled": true
        },
        "isarray": {
          "version": "1.0.0",
          "resolved": "https://registry.npmjs.org/isarray/-/isarray-1.0.0.tgz",
          "integrity": "sha1-u5NdSFgsuhaMBoNJV6VKPgcSTxE="
        },
        "lazystream": {
          "version": "http://registry.npm.taobao.org/lazystream/download/lazystream-1.0.0.tgz",
          "bundled": true,
          "dependencies": {
            "readable-stream": {
              "version": "http://registry.npm.taobao.org/readable-stream/download/readable-stream-2.3.5.tgz",
              "dependencies": {
                "core-util-is": {
                  "version": "http://registry.npm.taobao.org/core-util-is/download/core-util-is-1.0.2.tgz"
                },
                "inherits": {
                  "version": "http://registry.npm.taobao.org/inherits/download/inherits-2.0.3.tgz"
                },
                "isarray": {
                  "version": "http://registry.npm.taobao.org/isarray/download/isarray-1.0.0.tgz"
                },
                "process-nextick-args": {
                  "version": "http://registry.npm.taobao.org/process-nextick-args/download/process-nextick-args-2.0.0.tgz"
                },
                "safe-buffer": {
                  "version": "http://registry.npm.taobao.org/safe-buffer/download/safe-buffer-5.1.1.tgz"
                },
                "string_decoder": {
                  "version": "http://registry.npm.taobao.org/string_decoder/download/string_decoder-1.0.3.tgz"
                },
                "util-deprecate": {
                  "version": "http://registry.npm.taobao.org/util-deprecate/download/util-deprecate-1.0.2.tgz"
                }
              }
            }
          }
        },
        "lodash": {
          "version": "http://registry.npm.taobao.org/lodash/download/lodash-4.17.5.tgz",
          "bundled": true
        },
        "normalize-path": {
          "version": "http://registry.npm.taobao.org/normalize-path/download/normalize-path-2.1.1.tgz",
          "bundled": true
        },
        "readable-stream": {
          "version": "2.3.6",
          "resolved": "https://registry.npmjs.org/readable-stream/-/readable-stream-2.3.6.tgz",
          "integrity": "sha512-tQtKA9WIAhBF3+VLAseyMqZeBjW0AHJoxOtYqSUZNJxauErmLbVm2FW1y+J/YA9dUrAC39ITejlZWhVIwawkKw==",
          "requires": {
            "core-util-is": "1.0.2",
            "inherits": "2.0.3",
            "isarray": "1.0.0",
            "process-nextick-args": "2.0.0",
            "safe-buffer": "5.1.1",
            "string_decoder": "1.1.1",
            "util-deprecate": "1.0.2"
          }
        },
        "string_decoder": {
          "version": "1.1.1",
          "resolved": "https://registry.npmjs.org/string_decoder/-/string_decoder-1.1.1.tgz",
          "integrity": "sha512-n/ShnvDi6FHbbVfviro+WojiFzv+s8MPMHBczVePfUpDJLwoLT0ht1l4YwBCbi8pJAveEEdnkHyPyTP/mzRfwg==",
          "requires": {
            "safe-buffer": "5.1.1"
          }
        }
      }
    },
    "asn1": {
      "version": "0.2.3",
      "resolved": "http://registry.npm.taobao.org/asn1/download/asn1-0.2.3.tgz"
    },
    "async": {
      "version": "0.9.2",
      "resolved": "http://registry.npm.taobao.org/async/download/async-0.9.2.tgz"
    },
    "buffer-crc32": {
      "version": "0.2.13",
      "resolved": "http://registry.npm.taobao.org/buffer-crc32/download/buffer-crc32-0.2.13.tgz"
    },
    "chalk": {
      "version": "2.3.2",
      "resolved": "https://registry.npmjs.org/chalk/-/chalk-2.3.2.tgz",
      "integrity": "sha512-ZM4j2/ld/YZDc3Ma8PgN7gyAk+kHMMMyzLNryCPGhWrsfAuDVeuid5bpRFTDgMH9JBK2lA4dyyAkkZYF/WcqDQ==",
      "requires": {
        "ansi-styles": "3.2.1",
        "escape-string-regexp": "1.0.5",
        "supports-color": "5.3.0"
      },
      "dependencies": {
        "escape-string-regexp": {
          "version": "1.0.5",
          "resolved": "https://registry.npmjs.org/escape-string-regexp/-/escape-string-regexp-1.0.5.tgz",
          "integrity": "sha1-G2HAViGQqN/2rjuyzwIAyhMLhtQ="
        }
      }
    },
    "commander": {
      "version": "2.15.1",
      "resolved": "https://registry.npmjs.org/commander/-/commander-2.15.1.tgz",
      "integrity": "sha512-VlfT9F3V0v+jr4yxPc5gg9s62/fIVWsd2Bk2iD435um1NlGMYdVCq+MjcXnhYq2icNOizHr1kK+5TI6H0Hy0ag=="
    },
    "core-util-is": {
      "version": "1.0.2",
      "resolved": "http://registry.npm.taobao.org/core-util-is/download/core-util-is-1.0.2.tgz"
    },
    "end-of-stream": {
      "version": "1.4.1",
      "resolved": "http://registry.npm.taobao.org/end-of-stream/download/end-of-stream-1.4.1.tgz"
    },
    "glob": {
      "version": "7.1.2",
      "resolved": "http://registry.npm.taobao.org/glob/download/glob-7.1.2.tgz",
      "requires": {
        "inherits": "2.0.3"
      },
      "dependencies": {
        "fs.realpath": {
          "version": "http://registry.npm.taobao.org/fs.realpath/download/fs.realpath-1.0.0.tgz"
        },
        "inflight": {
          "version": "http://registry.npm.taobao.org/inflight/download/inflight-1.0.6.tgz"
        },
        "inherits": {
          "version": "http://registry.npm.taobao.org/inherits/download/inherits-2.0.3.tgz"
        },
        "minimatch": {
          "version": "http://registry.npm.taobao.org/minimatch/download/minimatch-3.0.4.tgz"
        },
        "once": {
          "version": "http://registry.npm.taobao.org/once/download/once-1.4.0.tgz",
          "dependencies": {
            "wrappy": {
              "version": "http://registry.npm.taobao.org/wrappy/download/wrappy-1.0.2.tgz",
              "bundled": true
            }
          }
        },
        "path-is-absolute": {
          "version": "http://registry.npm.taobao.org/path-is-absolute/download/path-is-absolute-1.0.1.tgz"
        }
      }
    },
    "inherits": {
      "version": "2.0.3",
      "resolved": "http://registry.npm.taobao.org/inherits/download/inherits-2.0.3.tgz"
    },
    "inquirer": {
      "version": "5.2.0",
      "resolved": "http://registry.npm.taobao.org/inquirer/download/inquirer-5.2.0.tgz",
      "requires": {
        "chalk": "2.3.2"
      },
      "dependencies": {
        "ansi-escapes": {
          "version": "http://registry.npm.taobao.org/ansi-escapes/download/ansi-escapes-3.1.0.tgz",
          "bundled": true
        },
        "chalk": {
          "version": "http://registry.npm.taobao.org/chalk/download/chalk-2.3.2.tgz",
          "bundled": true,
          "dependencies": {
            "ansi-styles": {
              "version": "http://registry.npm.taobao.org/ansi-styles/download/ansi-styles-3.2.1.tgz",
              "dependencies": {
                "color-convert": {
                  "version": "http://registry.npm.taobao.org/color-convert/download/color-convert-1.9.1.tgz",
                  "bundled": true
                }
              }
            },
            "escape-string-regexp": {
              "version": "http://registry.npm.taobao.org/escape-string-regexp/download/escape-string-regexp-1.0.5.tgz"
            },
            "supports-color": {
              "version": "http://registry.npm.taobao.org/supports-color/download/supports-color-5.3.0.tgz"
            }
          }
        },
        "cli-cursor": {
          "version": "http://registry.npm.taobao.org/cli-cursor/download/cli-cursor-2.1.0.tgz",
          "bundled": true
        },
        "cli-width": {
          "version": "http://registry.npm.taobao.org/cli-width/download/cli-width-2.2.0.tgz",
          "bundled": true
        },
        "external-editor": {
          "version": "http://registry.npm.taobao.org/external-editor/download/external-editor-2.1.0.tgz",
          "bundled": true
        },
        "figures": {
          "version": "http://registry.npm.taobao.org/figures/download/figures-2.0.0.tgz",
          "bundled": true
        },
        "lodash": {
          "version": "http://registry.npm.taobao.org/lodash/download/lodash-4.17.5.tgz",
          "bundled": true
        },
        "mute-stream": {
          "version": "http://registry.npm.taobao.org/mute-stream/download/mute-stream-0.0.7.tgz",
          "bundled": true
        },
        "run-async": {
          "version": "http://registry.npm.taobao.org/run-async/download/run-async-2.3.0.tgz",
          "bundled": true
        },
        "rxjs": {
          "version": "http://registry.npm.taobao.org/rxjs/download/rxjs-5.5.8.tgz",
          "bundled": true
        },
        "string-width": {
          "version": "http://registry.npm.taobao.org/string-width/download/string-width-2.1.1.tgz",
          "bundled": true
        },
        "strip-ansi": {
          "version": "http://registry.npm.taobao.org/strip-ansi/download/strip-ansi-4.0.0.tgz",
          "bundled": true,
          "dependencies": {
            "ansi-regex": {
              "version": "http://registry.npm.taobao.org/ansi-regex/download/ansi-regex-3.0.0.tgz",
              "bundled": true
            }
          }
        },
        "through": {
          "version": "http://registry.npm.taobao.org/through/download/through-2.3.8.tgz",
          "bundled": true
        }
      }
    },
    "lodash.toarray": {
      "version": "4.4.0",
      "resolved": "http://registry.npm.taobao.org/lodash.toarray/download/lodash.toarray-4.4.0.tgz"
    },
    "moment": {
      "version": "2.21.0",
      "resolved": "https://registry.npmjs.org/moment/-/moment-2.21.0.tgz",
      "integrity": "sha512-TCZ36BjURTeFTM/CwRcViQlfkMvL1/vFISuNLO5GkcVm1+QHfbSiNqZuWeMFjj1/3+uAjXswgRk30j1kkLYJBQ=="
    },
    "node-emoji": {
      "version": "1.8.1",
      "resolved": "https://registry.npmjs.org/node-emoji/-/node-emoji-1.8.1.tgz",
      "integrity": "sha512-+ktMAh1Jwas+TnGodfCfjUbJKoANqPaJFN0z0iqh41eqD8dvguNzcitVSBSVK1pidz0AqGbLKcoVuVLRVZ/aVg==",
      "requires": {
        "lodash.toarray": "4.4.0"
      }
    },
    "normalize-path": {
      "version": "2.1.1",
      "resolved": "http://registry.npm.taobao.org/normalize-path/download/normalize-path-2.1.1.tgz",
      "dependencies": {
        "remove-trailing-separator": {
          "version": "http://registry.npm.taobao.org/remove-trailing-separator/download/remove-trailing-separator-1.1.0.tgz",
          "bundled": true
        }
      }
    },
    "ora": {
      "version": "2.0.0",
      "resolved": "http://registry.npm.taobao.org/ora/download/ora-2.0.0.tgz",
      "requires": {
        "chalk": "2.3.2"
      },
      "dependencies": {
        "chalk": {
          "version": "http://registry.npm.taobao.org/chalk/download/chalk-2.3.2.tgz",
          "bundled": true,
          "dependencies": {
            "ansi-styles": {
              "version": "http://registry.npm.taobao.org/ansi-styles/download/ansi-styles-3.2.1.tgz",
              "dependencies": {}
            },
            "escape-string-regexp": {
              "version": "http://registry.npm.taobao.org/escape-string-regexp/download/escape-string-regexp-1.0.5.tgz"
            },
            "supports-color": {
              "version": "http://registry.npm.taobao.org/supports-color/download/supports-color-5.3.0.tgz"
            }
          }
        },
        "cli-cursor": {
          "version": "http://registry.npm.taobao.org/cli-cursor/download/cli-cursor-2.1.0.tgz",
          "bundled": true,
          "dependencies": {
            "restore-cursor": {
              "version": "http://registry.npm.taobao.org/restore-cursor/download/restore-cursor-2.0.0.tgz",
              "bundled": true
            }
          }
        },
        "cli-spinners": {
          "version": "http://registry.npm.taobao.org/cli-spinners/download/cli-spinners-1.1.0.tgz",
          "bundled": true
        },
        "log-symbols": {
          "version": "http://registry.npm.taobao.org/log-symbols/download/log-symbols-2.2.0.tgz",
          "bundled": true
        },
        "strip-ansi": {
          "version": "http://registry.npm.taobao.org/strip-ansi/download/strip-ansi-4.0.0.tgz",
          "bundled": true
        },
        "wcwidth": {
          "version": "http://registry.npm.taobao.org/wcwidth/download/wcwidth-1.0.1.tgz",
          "bundled": true
        }
      }
    },
    "process-nextick-args": {
      "version": "2.0.0",
      "resolved": "http://registry.npm.taobao.org/process-nextick-args/download/process-nextick-args-2.0.0.tgz"
    },
    "safe-buffer": {
      "version": "5.1.1",
      "resolved": "http://registry.npm.taobao.org/safe-buffer/download/safe-buffer-5.1.1.tgz"
    },
    "scp2": {
      "version": "0.5.0",
      "resolved": "https://registry.npmjs.org/scp2/-/scp2-0.5.0.tgz",
      "integrity": "sha1-ZO50vDaF86TGKQ8tqMHjtO75Lo0=",
      "requires": {
        "async": "0.9.2",
        "lodash": "4.11.2",
        "ssh2": "0.4.15"
      },
      "dependencies": {
        "isarray": {
          "version": "0.0.1",
          "resolved": "https://registry.npmjs.org/isarray/-/isarray-0.0.1.tgz",
          "integrity": "sha1-ihis/Kmo9Bd+Cav8YDiTmwXR7t8="
        },
        "lodash": {
          "version": "4.11.2",
          "resolved": "https://registry.npmjs.org/lodash/-/lodash-4.11.2.tgz",
          "integrity": "sha1-1rQzixEKWOIdrlzrz9u/0rxM2zs="
        },
        "readable-stream": {
          "version": "1.0.34",
          "resolved": "https://registry.npmjs.org/readable-stream/-/readable-stream-1.0.34.tgz",
          "integrity": "sha1-Elgg40vIQtLyqq+v5MKRbuMsFXw=",
          "requires": {
            "core-util-is": "1.0.2",
            "inherits": "2.0.3",
            "isarray": "0.0.1",
            "string_decoder": "0.10.31"
          }
        },
        "ssh2": {
          "version": "0.4.15",
          "resolved": "https://registry.npmjs.org/ssh2/-/ssh2-0.4.15.tgz",
          "integrity": "sha1-B8b0EG2fe26m5N9jbGxT8fmBf/g=",
          "requires": {
            "readable-stream": "1.0.34",
            "ssh2-streams": "0.0.23"
          }
        },
        "string_decoder": {
          "version": "0.10.31",
          "resolved": "https://registry.npmjs.org/string_decoder/-/string_decoder-0.10.31.tgz",
          "integrity": "sha1-YuIDvEF2bGwoyfyEMB2rHFMQ+pQ="
        }
      }
    },
    "semver": {
      "version": "5.5.0",
      "resolved": "https://registry.npmjs.org/semver/-/semver-5.5.0.tgz",
      "integrity": "sha512-4SJ3dm0WAwWy/NVeioZh5AntkdJoWKxHxcmyP622fOkgHa4z3R0TdBJICINyaSDE6uNwVc8gZr+ZinwZAH4xIA=="
    },
    "ssh2": {
      "version": "0.6.0",
      "resolved": "https://registry.npmjs.org/ssh2/-/ssh2-0.6.0.tgz",
      "integrity": "sha512-TEHSJhmEo14cgVuqse54GE4hcfC7i+o/JSDjWm4RoCV4Ys4JpBOpcGkNtdN22ON8WO+2X8XpeiZ0yI9crDvHpA==",
      "requires": {
        "ssh2-streams": "0.2.0"
      },
      "dependencies": {
        "ssh2-streams": {
          "version": "0.2.0",
          "resolved": "https://registry.npmjs.org/ssh2-streams/-/ssh2-streams-0.2.0.tgz",
          "integrity": "sha512-aCGKAAQlafmhv2VUUK1kS8WuLvXTqoJGGatS0CXxAocbnwa1Noq4fDIKadraEqjqBBfnz6a1KW/Vd+DjYTcbTw==",
          "requires": {
            "asn1": "0.2.3",
            "semver": "5.5.0",
            "streamsearch": "0.1.2"
          }
        }
      }
    },
    "ssh2-streams": {
      "version": "0.0.23",
      "resolved": "http://registry.npm.taobao.org/ssh2-streams/download/ssh2-streams-0.0.23.tgz",
      "requires": {
        "asn1": "0.2.3",
        "streamsearch": "0.1.2"
      },
      "dependencies": {
        "asn1": {
          "version": "http://registry.npm.taobao.org/asn1/download/asn1-0.2.3.tgz",
          "bundled": true
        },
        "readable-stream": {
          "version": "http://registry.npm.taobao.org/readable-stream/download/readable-stream-1.0.34.tgz",
          "bundled": true,
          "dependencies": {
            "core-util-is": {
              "version": "http://registry.npm.taobao.org/core-util-is/download/core-util-is-1.0.2.tgz"
            },
            "inherits": {
              "version": "http://registry.npm.taobao.org/inherits/download/inherits-2.0.3.tgz"
            },
            "isarray": {
              "version": "http://registry.npm.taobao.org/isarray/download/isarray-0.0.1.tgz"
            },
            "string_decoder": {
              "version": "http://registry.npm.taobao.org/string_decoder/download/string_decoder-0.10.31.tgz"
            }
          }
        },
        "streamsearch": {
          "version": "http://registry.npm.taobao.org/streamsearch/download/streamsearch-0.1.2.tgz",
          "bundled": true
        }
      }
    },
    "streamsearch": {
      "version": "0.1.2",
      "resolved": "http://registry.npm.taobao.org/streamsearch/download/streamsearch-0.1.2.tgz"
    },
    "supports-color": {
      "version": "5.3.0",
      "resolved": "http://registry.npm.taobao.org/supports-color/download/supports-color-5.3.0.tgz",
      "dependencies": {
        "has-flag": {
          "version": "http://registry.npm.taobao.org/has-flag/download/has-flag-3.0.0.tgz",
          "bundled": true
        }
      }
    },
    "tar-stream": {
      "version": "1.5.5",
      "resolved": "http://registry.npm.taobao.org/tar-stream/download/tar-stream-1.5.5.tgz",
      "requires": {
        "end-of-stream": "1.4.1",
        "readable-stream": "2.3.6"
      },
      "dependencies": {
        "bl": {
          "version": "http://registry.npm.taobao.org/bl/download/bl-1.2.2.tgz",
          "bundled": true
        },
        "end-of-stream": {
          "version": "http://registry.npm.taobao.org/end-of-stream/download/end-of-stream-1.4.1.tgz",
          "bundled": true,
          "dependencies": {
            "once": {
              "version": "http://registry.npm.taobao.org/once/download/once-1.4.0.tgz",
              "bundled": true,
              "dependencies": {
                "wrappy": {
                  "version": "http://registry.npm.taobao.org/wrappy/download/wrappy-1.0.2.tgz",
                  "bundled": true
                }
              }
            }
          }
        },
        "isarray": {
          "version": "1.0.0",
          "resolved": "https://registry.npmjs.org/isarray/-/isarray-1.0.0.tgz",
          "integrity": "sha1-u5NdSFgsuhaMBoNJV6VKPgcSTxE="
        },
        "readable-stream": {
          "version": "2.3.6",
          "resolved": "https://registry.npmjs.org/readable-stream/-/readable-stream-2.3.6.tgz",
          "integrity": "sha512-tQtKA9WIAhBF3+VLAseyMqZeBjW0AHJoxOtYqSUZNJxauErmLbVm2FW1y+J/YA9dUrAC39ITejlZWhVIwawkKw==",
          "requires": {
            "core-util-is": "1.0.2",
            "inherits": "2.0.3",
            "isarray": "1.0.0",
            "process-nextick-args": "2.0.0",
            "safe-buffer": "5.1.1",
            "string_decoder": "1.1.1",
            "util-deprecate": "1.0.2"
          }
        },
        "string_decoder": {
          "version": "1.1.1",
          "resolved": "https://registry.npmjs.org/string_decoder/-/string_decoder-1.1.1.tgz",
          "integrity": "sha512-n/ShnvDi6FHbbVfviro+WojiFzv+s8MPMHBczVePfUpDJLwoLT0ht1l4YwBCbi8pJAveEEdnkHyPyTP/mzRfwg==",
          "requires": {
            "safe-buffer": "5.1.1"
          }
        },
        "xtend": {
          "version": "http://registry.npm.taobao.org/xtend/download/xtend-4.0.1.tgz",
          "bundled": true
        }
      }
    },
    "util-deprecate": {
      "version": "1.0.2",
      "resolved": "http://registry.npm.taobao.org/util-deprecate/download/util-deprecate-1.0.2.tgz"
    },
    "zip-stream": {
      "version": "1.2.0",
      "resolved": "http://registry.npm.taobao.org/zip-stream/download/zip-stream-1.2.0.tgz",
      "requires": {
        "archiver-utils": "1.3.0",
        "readable-stream": "2.3.6"
      },
      "dependencies": {
        "archiver-utils": {
          "version": "http://registry.npm.taobao.org/archiver-utils/download/archiver-utils-1.3.0.tgz",
          "bundled": true,
          "dependencies": {
            "glob": {
              "version": "http://registry.npm.taobao.org/glob/download/glob-7.1.2.tgz",
              "bundled": true
            },
            "graceful-fs": {
              "version": "http://registry.npm.taobao.org/graceful-fs/download/graceful-fs-4.1.11.tgz",
              "bundled": true
            },
            "lazystream": {
              "version": "http://registry.npm.taobao.org/lazystream/download/lazystream-1.0.0.tgz",
              "bundled": true,
              "dependencies": {}
            },
            "lodash": {
              "version": "http://registry.npm.taobao.org/lodash/download/lodash-4.17.5.tgz",
              "bundled": true
            },
            "normalize-path": {
              "version": "http://registry.npm.taobao.org/normalize-path/download/normalize-path-2.1.1.tgz",
              "bundled": true
            },
            "readable-stream": {
              "version": "http://registry.npm.taobao.org/readable-stream/download/readable-stream-2.3.5.tgz",
              "bundled": true,
              "dependencies": {
                "core-util-is": {
                  "version": "http://registry.npm.taobao.org/core-util-is/download/core-util-is-1.0.2.tgz"
                },
                "inherits": {
                  "version": "http://registry.npm.taobao.org/inherits/download/inherits-2.0.3.tgz"
                },
                "isarray": {
                  "version": "http://registry.npm.taobao.org/isarray/download/isarray-1.0.0.tgz"
                },
                "process-nextick-args": {
                  "version": "http://registry.npm.taobao.org/process-nextick-args/download/process-nextick-args-2.0.0.tgz"
                },
                "safe-buffer": {
                  "version": "http://registry.npm.taobao.org/safe-buffer/download/safe-buffer-5.1.1.tgz"
                },
                "string_decoder": {
                  "version": "http://registry.npm.taobao.org/string_decoder/download/string_decoder-1.0.3.tgz"
                },
                "util-deprecate": {
                  "version": "http://registry.npm.taobao.org/util-deprecate/download/util-deprecate-1.0.2.tgz"
                }
              }
            }
          }
        },
        "compress-commons": {
          "version": "http://registry.npm.taobao.org/compress-commons/download/compress-commons-1.2.2.tgz",
          "bundled": true
        },
        "isarray": {
          "version": "1.0.0",
          "resolved": "https://registry.npmjs.org/isarray/-/isarray-1.0.0.tgz",
          "integrity": "sha1-u5NdSFgsuhaMBoNJV6VKPgcSTxE="
        },
        "lodash": {
          "version": "http://registry.npm.taobao.org/lodash/download/lodash-4.17.5.tgz",
          "bundled": true
        },
        "readable-stream": {
          "version": "2.3.6",
          "resolved": "https://registry.npmjs.org/readable-stream/-/readable-stream-2.3.6.tgz",
          "integrity": "sha512-tQtKA9WIAhBF3+VLAseyMqZeBjW0AHJoxOtYqSUZNJxauErmLbVm2FW1y+J/YA9dUrAC39ITejlZWhVIwawkKw==",
          "requires": {
            "core-util-is": "1.0.2",
            "inherits": "2.0.3",
            "isarray": "1.0.0",
            "process-nextick-args": "2.0.0",
            "safe-buffer": "5.1.1",
            "string_decoder": "1.1.1",
            "util-deprecate": "1.0.2"
          }
        },
        "string_decoder": {
          "version": "1.1.1",
          "resolved": "https://registry.npmjs.org/string_decoder/-/string_decoder-1.1.1.tgz",
          "integrity": "sha512-n/ShnvDi6FHbbVfviro+WojiFzv+s8MPMHBczVePfUpDJLwoLT0ht1l4YwBCbi8pJAveEEdnkHyPyTP/mzRfwg==",
          "requires": {
            "safe-buffer": "5.1.1"
          }
        }
      }
    }
  }
}
